{
  "name": "talonquest",
  "version": "0.1.0",
  "lockfileVersion": 3,
  "requires": true,
  "packages": {
    "": {
      "name": "talonquest",
      "version": "0.1.0",
      "license": "MPL-2.0",
      "dependencies": {
        "sanitizer": "^0.1.3",
        "underscore": "^1.13.6",
        "ws": "^8.16.0"
      },
      "engines": {
        "node": ">=18"
      }
    },
    "node_modules/sanitizer": {
      "version": "0.1.3",
      "resolved": "https://registry.npmjs.org/sanitizer/-/sanitizer-0.1.3.tgz",
      "integrity": "sha512-j05vL56tR90rsYqm9ZD05v6K4HI7t4yMDEvvU0x4f+IADXM9Jx1x9mzatxOs5drJq6dGhugxDW99mcPvXVLl+Q==",
      "license": "Apache-2.0"
    },
    "node_modules/underscore": {
      "version": "1.13.8",
      "resolved": "https://registry.npmjs.org/underscore/-/underscore-1.13.8.tgz",
      "integrity": "sha512-DXtD3ZtEQzc7M8m4cXotyHR+FAS18C64asBYY5vqZexfYryNNnDc02W4hKg3rdQuqOYas1jkseX0+nZXjTXnvQ==",
      "license": "MIT"
    },
    "node_modules/ws": {
      "version": "8.20.0",
      "resolved": "https://registry.npmjs.org/ws/-/ws-8.20.0.tgz",
      "integrity": "sha512-sAt8BhgNbzCtgGbt2OxmpuryO63ZoDk/sqaB/znQm94T4fCEsy/yV+7CdC1kJhOU9lboAEU7R3kquuycDoibVA==",
      "license": "MIT",
      "engines": {
        "node": ">=10.0.0"
      },
      "peerDependencies": {
        "bufferutil": "^4.0.1",
        "utf-8-validate": ">=5.0.2"
      },
      "peerDependenciesMeta": {
        "bufferutil": {
          "optional": true
        },
        "utf-8-validate": {
          "optional": true
        }
      }
    }
  }
}
